
Microsoft Visual Studio Solution File, Format Version 12.00
# Visual Studio Version 16
VisualStudioVersion = 16.0.30621.155
MinimumVisualStudioVersion = 10.0.40219.1
Project("{FAE04EC0-301F-11D3-BF4B-00C04F79EFBC}") = "Adventure", "Adventure.csproj", "{256BF352-A106-43B2-8E6E-96CD74C699F3}"
EndProject
Project("{FAE04EC0-301F-11D3-BF4B-00C04F79EFBC}") = "Engine", "..\Engine\Engine.csproj", "{AC2879C3-E3F2-4CE0-883F-A1BA1DF481E8}"
EndProject
Global
	GlobalSection(SolutionConfigurationPlatforms) = preSolution
		Debug|Any CPU = Debug|Any CPU
		Release|Any CPU = Release|Any CPU
	EndGlobalSection
	GlobalSection(ProjectConfigurationPlatforms) = postSolution
		{256BF352-A106-43B2-8E6E-96CD74C699F3}.Debug|Any CPU.ActiveCfg = Debug|Any CPU
		{256BF352-A106-43B2-8E6E-96CD74C699F3}.Debug|Any CPU.Build.0 = Debug|Any CPU
		{256BF352-A106-43B2-8E6E-96CD74C699F3}.Release|Any CPU.ActiveCfg = Release|Any CPU
		{256BF352-A106-43B2-8E6E-96CD74C699F3}.Release|Any CPU.Build.0 = Release|Any CPU
		{AC2879C3-E3F2-4CE0-883F-A1BA1DF481E8}.Debug|Any CPU.ActiveCfg = Debug|Any CPU
		{AC2879C3-E3F2-4CE0-883F-A1BA1DF481E8}.Debug|Any CPU.Build.0 = Debug|Any CPU
		{AC2879C3-E3F2-4CE0-883F-A1BA1DF481E8}.Release|Any CPU.ActiveCfg = Release|Any CPU
		{AC2879C3-E3F2-4CE0-883F-A1BA1DF481E8}.Release|Any CPU.Build.0 = Release|Any CPU
	EndGlobalSection
	GlobalSection(SolutionProperties) = preSolution
		HideSolutionNode = FALSE
	EndGlobalSection
	GlobalSection(ExtensibilityGlobals) = postSolution
		SolutionGuid = {66CC65C8-DBC7-458D-9629-1A0290B81C5C}
	EndGlobalSection
EndGlobal
